schema: '2.0'
stages:
  stage_01:
    cmd: python stage_01.py
    deps:
    - path: stage_01.py
      hash: md5
      md5: bf4cf4c01840b1f8f8ad13f94fcdb451
      size: 192
    outs:
    - path: artifact.txt
      hash: md5
      md5: 17310aea74de1dddf274a81e8a5b3224
      size: 45
  stage_02:
    cmd: python stage_02.py
    deps:
    - path: artifact.txt
      hash: md5
      md5: 17310aea74de1dddf274a81e8a5b3224
      size: 45
    - path: stage_02.py
      hash: md5
      md5: 37e972d920ce834031a5064a28f19b98
      size: 147
  stage_03:
    cmd: python stage_03.py
    deps:
    - path: artifact2.txt
      hash: md5
      md5: 8237484c40d6ec50ed821c0040ccb660
      size: 36
    - path: stage_03.py
      hash: md5
      md5: c259a8edc31920cbfcfacbe54ab5eec9
      size: 71
